
Microsoft Visual Studio Solution File, Format Version 12.00
# Visual Studio Version 16
VisualStudioVersion = 16.0.31702.278
MinimumVisualStudioVersion = 10.0.40219.1
Project("{FAE04EC0-301F-11D3-BF4B-00C04F79EFBC}") = "Hello World GUI", "Hello World GUI.csproj", "{EF3C4AE9-77BF-4D93-AFF1-5CC747A32761}"
EndProject
Global
	GlobalSection(SolutionConfigurationPlatforms) = preSolution
		Debug|Any CPU = Debug|Any CPU
		Release|Any CPU = Release|Any CPU
	EndGlobalSection
	GlobalSection(ProjectConfigurationPlatforms) = postSolution
		{EF3C4AE9-77BF-4D93-AFF1-5CC747A32761}.Debug|Any CPU.ActiveCfg = Debug|Any CPU
		{EF3C4AE9-77BF-4D93-AFF1-5CC747A32761}.Debug|Any CPU.Build.0 = Debug|Any CPU
		{EF3C4AE9-77BF-4D93-AFF1-5CC747A32761}.Release|Any CPU.ActiveCfg = Release|Any CPU
		{EF3C4AE9-77BF-4D93-AFF1-5CC747A32761}.Release|Any CPU.Build.0 = Release|Any CPU
	EndGlobalSection
	GlobalSection(SolutionProperties) = preSolution
		HideSolutionNode = FALSE
	EndGlobalSection
	GlobalSection(ExtensibilityGlobals) = postSolution
		SolutionGuid = {A3717233-BFE1-4D82-BEDA-ED72DE7AA33C}
	EndGlobalSection
EndGlobal
